
Microsoft Visual Studio Solution File, Format Version 12.00
# Visual Studio Version 16
VisualStudioVersion = 16.0.31729.503
MinimumVisualStudioVersion = 10.0.40219.1
Project("{8BC9CEB8-8B4A-11D0-8D11-00A0C91BC942}") = "ModularImplant", "ModularImplant\ModularImplant.vcxproj", "{BB09D336-F613-4E72-B0AB-C95864253BE7}"
EndProject
Project("{8BC9CEB8-8B4A-11D0-8D11-00A0C91BC942}") = "LoaderModule", "LoaderModule\LoaderModule.vcxproj", "{20A13FB1-DD72-4292-8C57-9398139EB42A}"
	ProjectSection(ProjectDependencies) = postProject
		{BB09D336-F613-4E72-B0AB-C95864253BE7} = {BB09D336-F613-4E72-B0AB-C95864253BE7}
	EndProjectSection
EndProject
Project("{8BC9CEB8-8B4A-11D0-8D11-00A0C91BC942}") = "ConfigImplant", "ConfigImplant\ConfigImplant.vcxproj", "{7AF7261E-B02B-432C-ABBE-D79800BF02C4}"
EndProject
Project("{8BC9CEB8-8B4A-11D0-8D11-00A0C91BC942}") = "ImplantEmbeddedLoaderStub", "ImplantEmbeddedLoaderStub\ImplantEmbeddedLoaderStub.vcxproj", "{C1C64F21-C469-4DF3-BF6D-321114C3F186}"
EndProject
Project("{8BC9CEB8-8B4A-11D0-8D11-00A0C91BC942}") = "CommunicationModule", "CommunicationModule\CommunicationModule.vcxproj", "{A4AD4FD3-AA95-411F-93FA-AE0AABF1C441}"
	ProjectSection(ProjectDependencies) = postProject
		{BB09D336-F613-4E72-B0AB-C95864253BE7} = {BB09D336-F613-4E72-B0AB-C95864253BE7}
	EndProjectSection
EndProject
Project("{8BC9CEB8-8B4A-11D0-8D11-00A0C91BC942}") = "ConfigModule", "ConfigModule\ConfigModule.vcxproj", "{BF10C587-3B55-4004-82BE-8C6B6FF88AA8}"
EndProject
Global
	GlobalSection(SolutionConfigurationPlatforms) = preSolution
		Debug|x64 = Debug|x64
		Debug|x86 = Debug|x86
		Local|x64 = Local|x64
		Local|x86 = Local|x86
		Release|x64 = Release|x64
		Release|x86 = Release|x86
		Remote|x64 = Remote|x64
		Remote|x86 = Remote|x86
	EndGlobalSection
	GlobalSection(ProjectConfigurationPlatforms) = postSolution
		{BB09D336-F613-4E72-B0AB-C95864253BE7}.Debug|x64.ActiveCfg = Debug|x64
		{BB09D336-F613-4E72-B0AB-C95864253BE7}.Debug|x64.Build.0 = Debug|x64
		{BB09D336-F613-4E72-B0AB-C95864253BE7}.Debug|x86.ActiveCfg = Debug|Win32
		{BB09D336-F613-4E72-B0AB-C95864253BE7}.Debug|x86.Build.0 = Debug|Win32
		{BB09D336-F613-4E72-B0AB-C95864253BE7}.Local|x64.ActiveCfg = Local|x64
		{BB09D336-F613-4E72-B0AB-C95864253BE7}.Local|x64.Build.0 = Local|x64
		{BB09D336-F613-4E72-B0AB-C95864253BE7}.Local|x86.ActiveCfg = Local|Win32
		{BB09D336-F613-4E72-B0AB-C95864253BE7}.Local|x86.Build.0 = Local|Win32
		{BB09D336-F613-4E72-B0AB-C95864253BE7}.Release|x64.ActiveCfg = Release|x64
		{BB09D336-F613-4E72-B0AB-C95864253BE7}.Release|x64.Build.0 = Release|x64
		{BB09D336-F613-4E72-B0AB-C95864253BE7}.Release|x86.ActiveCfg = Release|Win32
		{BB09D336-F613-4E72-B0AB-C95864253BE7}.Release|x86.Build.0 = Release|Win32
		{BB09D336-F613-4E72-B0AB-C95864253BE7}.Remote|x64.ActiveCfg = Remote|x64
		{BB09D336-F613-4E72-B0AB-C95864253BE7}.Remote|x64.Build.0 = Remote|x64
		{BB09D336-F613-4E72-B0AB-C95864253BE7}.Remote|x86.ActiveCfg = Remote|Win32
		{BB09D336-F613-4E72-B0AB-C95864253BE7}.Remote|x86.Build.0 = Remote|Win32
		{20A13FB1-DD72-4292-8C57-9398139EB42A}.Debug|x64.ActiveCfg = Debug|x64
		{20A13FB1-DD72-4292-8C57-9398139EB42A}.Debug|x64.Build.0 = Debug|x64
		{20A13FB1-DD72-4292-8C57-9398139EB42A}.Debug|x86.ActiveCfg = Debug|Win32
		{20A13FB1-DD72-4292-8C57-9398139EB42A}.Debug|x86.Build.0 = Debug|Win32
		{20A13FB1-DD72-4292-8C57-9398139EB42A}.Local|x64.ActiveCfg = Local|x64
		{20A13FB1-DD72-4292-8C57-9398139EB42A}.Local|x64.Build.0 = Local|x64
		{20A13FB1-DD72-4292-8C57-9398139EB42A}.Local|x86.ActiveCfg = Local|Win32
		{20A13FB1-DD72-4292-8C57-9398139EB42A}.Local|x86.Build.0 = Local|Win32
		{20A13FB1-DD72-4292-8C57-9398139EB42A}.Release|x64.ActiveCfg = Release|x64
		{20A13FB1-DD72-4292-8C57-9398139EB42A}.Release|x64.Build.0 = Release|x64
		{20A13FB1-DD72-4292-8C57-9398139EB42A}.Release|x86.ActiveCfg = Release|Win32
		{20A13FB1-DD72-4292-8C57-9398139EB42A}.Release|x86.Build.0 = Release|Win32
		{20A13FB1-DD72-4292-8C57-9398139EB42A}.Remote|x64.ActiveCfg = Remote|x64
		{20A13FB1-DD72-4292-8C57-9398139EB42A}.Remote|x64.Build.0 = Remote|x64
		{20A13FB1-DD72-4292-8C57-9398139EB42A}.Remote|x86.ActiveCfg = Remote|Win32
		{20A13FB1-DD72-4292-8C57-9398139EB42A}.Remote|x86.Build.0 = Remote|Win32
		{7AF7261E-B02B-432C-ABBE-D79800BF02C4}.Debug|x64.ActiveCfg = Debug|x64
		{7AF7261E-B02B-432C-ABBE-D79800BF02C4}.Debug|x64.Build.0 = Debug|x64
		{7AF7261E-B02B-432C-ABBE-D79800BF02C4}.Debug|x86.ActiveCfg = Debug|Win32
		{7AF7261E-B02B-432C-ABBE-D79800BF02C4}.Debug|x86.Build.0 = Debug|Win32
		{7AF7261E-B02B-432C-ABBE-D79800BF02C4}.Local|x64.ActiveCfg = Local|x64
		{7AF7261E-B02B-432C-ABBE-D79800BF02C4}.Local|x64.Build.0 = Local|x64
		{7AF7261E-B02B-432C-ABBE-D79800BF02C4}.Local|x86.ActiveCfg = Local|Win32
		{7AF7261E-B02B-432C-ABBE-D79800BF02C4}.Local|x86.Build.0 = Local|Win32
		{7AF7261E-B02B-432C-ABBE-D79800BF02C4}.Release|x64.ActiveCfg = Release|x64
		{7AF7261E-B02B-432C-ABBE-D79800BF02C4}.Release|x64.Build.0 = Release|x64
		{7AF7261E-B02B-432C-ABBE-D79800BF02C4}.Release|x86.ActiveCfg = Release|Win32
		{7AF7261E-B02B-432C-ABBE-D79800BF02C4}.Release|x86.Build.0 = Release|Win32
		{7AF7261E-B02B-432C-ABBE-D79800BF02C4}.Remote|x64.ActiveCfg = Remote|x64
		{7AF7261E-B02B-432C-ABBE-D79800BF02C4}.Remote|x64.Build.0 = Remote|x64
		{7AF7261E-B02B-432C-ABBE-D79800BF02C4}.Remote|x86.ActiveCfg = Remote|Win32
		{7AF7261E-B02B-432C-ABBE-D79800BF02C4}.Remote|x86.Build.0 = Remote|Win32
		{C1C64F21-C469-4DF3-BF6D-321114C3F186}.Debug|x64.ActiveCfg = Debug|x64
		{C1C64F21-C469-4DF3-BF6D-321114C3F186}.Debug|x64.Build.0 = Debug|x64
		{C1C64F21-C469-4DF3-BF6D-321114C3F186}.Debug|x86.ActiveCfg = Debug|Win32
		{C1C64F21-C469-4DF3-BF6D-321114C3F186}.Debug|x86.Build.0 = Debug|Win32
		{C1C64F21-C469-4DF3-BF6D-321114C3F186}.Local|x64.ActiveCfg = Local|x64
		{C1C64F21-C469-4DF3-BF6D-321114C3F186}.Local|x64.Build.0 = Local|x64
		{C1C64F21-C469-4DF3-BF6D-321114C3F186}.Local|x86.ActiveCfg = Local|Win32
		{C1C64F21-C469-4DF3-BF6D-321114C3F186}.Local|x86.Build.0 = Local|Win32
		{C1C64F21-C469-4DF3-BF6D-321114C3F186}.Release|x64.ActiveCfg = Release|x64
		{C1C64F21-C469-4DF3-BF6D-321114C3F186}.Release|x64.Build.0 = Release|x64
		{C1C64F21-C469-4DF3-BF6D-321114C3F186}.Release|x86.ActiveCfg = Release|Win32
		{C1C64F21-C469-4DF3-BF6D-321114C3F186}.Release|x86.Build.0 = Release|Win32
		{C1C64F21-C469-4DF3-BF6D-321114C3F186}.Remote|x64.ActiveCfg = Remote|x64
		{C1C64F21-C469-4DF3-BF6D-321114C3F186}.Remote|x64.Build.0 = Remote|x64
		{C1C64F21-C469-4DF3-BF6D-321114C3F186}.Remote|x86.ActiveCfg = Remote|Win32
		{C1C64F21-C469-4DF3-BF6D-321114C3F186}.Remote|x86.Build.0 = Remote|Win32
		{A4AD4FD3-AA95-411F-93FA-AE0AABF1C441}.Debug|x64.ActiveCfg = Debug|x64
		{A4AD4FD3-AA95-411F-93FA-AE0AABF1C441}.Debug|x64.Build.0 = Debug|x64
		{A4AD4FD3-AA95-411F-93FA-AE0AABF1C441}.Debug|x86.ActiveCfg = Debug|Win32
		{A4AD4FD3-AA95-411F-93FA-AE0AABF1C441}.Debug|x86.Build.0 = Debug|Win32
		{A4AD4FD3-AA95-411F-93FA-AE0AABF1C441}.Local|x64.ActiveCfg = Debug|x64
		{A4AD4FD3-AA95-411F-93FA-AE0AABF1C441}.Local|x64.Build.0 = Debug|x64
		{A4AD4FD3-AA95-411F-93FA-AE0AABF1C441}.Local|x86.ActiveCfg = Debug|Win32
		{A4AD4FD3-AA95-411F-93FA-AE0AABF1C441}.Local|x86.Build.0 = Debug|Win32
		{A4AD4FD3-AA95-411F-93FA-AE0AABF1C441}.Release|x64.ActiveCfg = Release|x64
		{A4AD4FD3-AA95-411F-93FA-AE0AABF1C441}.Release|x64.Build.0 = Release|x64
		{A4AD4FD3-AA95-411F-93FA-AE0AABF1C441}.Release|x86.ActiveCfg = Release|Win32
		{A4AD4FD3-AA95-411F-93FA-AE0AABF1C441}.Release|x86.Build.0 = Release|Win32
		{A4AD4FD3-AA95-411F-93FA-AE0AABF1C441}.Remote|x64.ActiveCfg = Release|x64
		{A4AD4FD3-AA95-411F-93FA-AE0AABF1C441}.Remote|x64.Build.0 = Release|x64
		{A4AD4FD3-AA95-411F-93FA-AE0AABF1C441}.Remote|x86.ActiveCfg = Release|Win32
		{A4AD4FD3-AA95-411F-93FA-AE0AABF1C441}.Remote|x86.Build.0 = Release|Win32
		{BF10C587-3B55-4004-82BE-8C6B6FF88AA8}.Debug|x64.ActiveCfg = Debug|x64
		{BF10C587-3B55-4004-82BE-8C6B6FF88AA8}.Debug|x64.Build.0 = Debug|x64
		{BF10C587-3B55-4004-82BE-8C6B6FF88AA8}.Debug|x86.ActiveCfg = Debug|Win32
		{BF10C587-3B55-4004-82BE-8C6B6FF88AA8}.Debug|x86.Build.0 = Debug|Win32
		{BF10C587-3B55-4004-82BE-8C6B6FF88AA8}.Local|x64.ActiveCfg = Debug|x64
		{BF10C587-3B55-4004-82BE-8C6B6FF88AA8}.Local|x64.Build.0 = Debug|x64
		{BF10C587-3B55-4004-82BE-8C6B6FF88AA8}.Local|x86.ActiveCfg = Debug|Win32
		{BF10C587-3B55-4004-82BE-8C6B6FF88AA8}.Local|x86.Build.0 = Debug|Win32
		{BF10C587-3B55-4004-82BE-8C6B6FF88AA8}.Release|x64.ActiveCfg = Release|x64
		{BF10C587-3B55-4004-82BE-8C6B6FF88AA8}.Release|x64.Build.0 = Release|x64
		{BF10C587-3B55-4004-82BE-8C6B6FF88AA8}.Release|x86.ActiveCfg = Release|Win32
		{BF10C587-3B55-4004-82BE-8C6B6FF88AA8}.Release|x86.Build.0 = Release|Win32
		{BF10C587-3B55-4004-82BE-8C6B6FF88AA8}.Remote|x64.ActiveCfg = Release|x64
		{BF10C587-3B55-4004-82BE-8C6B6FF88AA8}.Remote|x64.Build.0 = Release|x64
		{BF10C587-3B55-4004-82BE-8C6B6FF88AA8}.Remote|x86.ActiveCfg = Release|Win32
		{BF10C587-3B55-4004-82BE-8C6B6FF88AA8}.Remote|x86.Build.0 = Release|Win32
	EndGlobalSection
	GlobalSection(SolutionProperties) = preSolution
		HideSolutionNode = FALSE
	EndGlobalSection
	GlobalSection(ExtensibilityGlobals) = postSolution
		SolutionGuid = {D3D4F1B5-0052-499F-BFA8-397DEA1AA23B}
	EndGlobalSection
EndGlobal
